// !$*UTF8*$!
{
	archiveVersion = 1;
	classes = {
	};
	objectVersion = 56;
	objects = {

/* Begin PBXBuildFile section */
		690BB8DD29DC4B120096EB06 /* Storage.swift in Sources */ = {isa = PBXBuildFile; fileRef = 690BB8DC29DC4B120096EB06 /* Storage.swift */; };
		690BB8DF29DC4BB10096EB06 /* User.swift in Sources */ = {isa = PBXBuildFile; fileRef = 690BB8DE29DC4BB10096EB06 /* User.swift */; };
		690BB8E129DC5D3D0096EB06 /* LoginController.swift in Sources */ = {isa = PBXBuildFile; fileRef = 690BB8E029DC5D3D0096EB06 /* LoginController.swift */; };
		690BB8E329DC5D4B0096EB06 /* RegistrationController.swift in Sources */ = {isa = PBXBuildFile; fileRef = 690BB8E229DC5D4B0096EB06 /* RegistrationController.swift */; };
		690BB8E629DC64870096EB06 /* Allert.swift in Sources */ = {isa = PBXBuildFile; fileRef = 690BB8E529DC64870096EB06 /* Allert.swift */; };
		692DF48729D5FD5700B6DA45 /* AppDelegate.swift in Sources */ = {isa = PBXBuildFile; fileRef = 692DF48629D5FD5700B6DA45 /* AppDelegate.swift */; };
		692DF48929D5FD5700B6DA45 /* SceneDelegate.swift in Sources */ = {isa = PBXBuildFile; fileRef = 692DF48829D5FD5700B6DA45 /* SceneDelegate.swift */; };
		692DF49029D5FD5700B6DA45 /* Assets.xcassets in Resources */ = {isa = PBXBuildFile; fileRef = 692DF48F29D5FD5700B6DA45 /* Assets.xcassets */; };
		692DF49C29D5FD8000B6DA45 /* Film.swift in Sources */ = {isa = PBXBuildFile; fileRef = 692DF49B29D5FD8000B6DA45 /* Film.swift */; };
		692DF4A229D5FFD000B6DA45 /* NetworkService.swift in Sources */ = {isa = PBXBuildFile; fileRef = 692DF4A129D5FFD000B6DA45 /* NetworkService.swift */; };
		692FD5CA29E4096B00A059CF /* Mocks.swift in Sources */ = {isa = PBXBuildFile; fileRef = 692FD5C929E4096B00A059CF /* Mocks.swift */; };
		694598E929DC713F009D5C97 /* HomeController.swift in Sources */ = {isa = PBXBuildFile; fileRef = 694598E829DC713F009D5C97 /* HomeController.swift */; };
		694598EB29DC8004009D5C97 /* TabBarController.swift in Sources */ = {isa = PBXBuildFile; fileRef = 694598EA29DC8004009D5C97 /* TabBarController.swift */; };
		69674AB029E1ACE3002AAF14 /* SearchController.swift in Sources */ = {isa = PBXBuildFile; fileRef = 69674AAF29E1ACE3002AAF14 /* SearchController.swift */; };
		69AC4FD429E8016C006A5B18 /* SearchResultCell.swift in Sources */ = {isa = PBXBuildFile; fileRef = 69AC4FD229E8016C006A5B18 /* SearchResultCell.swift */; };
		69AC4FD529E8016C006A5B18 /* SearchResultCell.xib in Resources */ = {isa = PBXBuildFile; fileRef = 69AC4FD329E8016C006A5B18 /* SearchResultCell.xib */; };
		69AC4FD729E807EF006A5B18 /* Converter.swift in Sources */ = {isa = PBXBuildFile; fileRef = 69AC4FD629E807EF006A5B18 /* Converter.swift */; };
		69AC4FDB29E80B34006A5B18 /* SearchResultController.swift in Sources */ = {isa = PBXBuildFile; fileRef = 69AC4FDA29E80B34006A5B18 /* SearchResultController.swift */; };
		69CFD23C29E57E8500B86000 /* Loader.swift in Sources */ = {isa = PBXBuildFile; fileRef = 69CFD23B29E57E8500B86000 /* Loader.swift */; };
		69F751BE29DD7A6C00C387BA /* FilmsCell.swift in Sources */ = {isa = PBXBuildFile; fileRef = 69F751BC29DD7A6C00C387BA /* FilmsCell.swift */; };
		69F751BF29DD7A6C00C387BA /* FilmsCell.xib in Resources */ = {isa = PBXBuildFile; fileRef = 69F751BD29DD7A6C00C387BA /* FilmsCell.xib */; };
		69F751C329DDFCFC00C387BA /* Docs.swift in Sources */ = {isa = PBXBuildFile; fileRef = 69F751C229DDFCFC00C387BA /* Docs.swift */; };
		69F751C729DEC2B800C387BA /* FilmController.swift in Sources */ = {isa = PBXBuildFile; fileRef = 69F751C629DEC2B800C387BA /* FilmController.swift */; };
		69F751CD29E094E600C387BA /* AuthController.swift in Sources */ = {isa = PBXBuildFile; fileRef = 69F751CC29E094E600C387BA /* AuthController.swift */; };
		8D176A5E2A06861B003DBBD2 /* UIScrollView + Extension.swift in Sources */ = {isa = PBXBuildFile; fileRef = 8D176A5D2A06861B003DBBD2 /* UIScrollView + Extension.swift */; };
		8D1C36A82A1376F30026545C /* FavoriteController.swift in Sources */ = {isa = PBXBuildFile; fileRef = 8D1C36A72A1376F30026545C /* FavoriteController.swift */; };
		8D1C36AA2A13775D0026545C /* AboutController.swift in Sources */ = {isa = PBXBuildFile; fileRef = 8D1C36A92A13775D0026545C /* AboutController.swift */; };
		8D1C36AC2A1377A20026545C /* EditController.swift in Sources */ = {isa = PBXBuildFile; fileRef = 8D1C36AB2A1377A20026545C /* EditController.swift */; };
		8D8F874629FD637800E4B949 /* Constructor.swift in Sources */ = {isa = PBXBuildFile; fileRef = 8D8F874529FD637800E4B949 /* Constructor.swift */; };
		8D915ED429F9428D0072A919 /* UIColor+Extension.swift in Sources */ = {isa = PBXBuildFile; fileRef = 8D915ED329F9428D0072A919 /* UIColor+Extension.swift */; };
		8D915ED629FAB46D0072A919 /* ActorCell.swift in Sources */ = {isa = PBXBuildFile; fileRef = 8D915ED529FAB46D0072A919 /* ActorCell.swift */; };
		8D915ED829FBDE7F0072A919 /* UIFont+Extension.swift in Sources */ = {isa = PBXBuildFile; fileRef = 8D915ED729FBDE7F0072A919 /* UIFont+Extension.swift */; };
		8DA1A8FC2A06D2C3005729FC /* ProfileController.swift in Sources */ = {isa = PBXBuildFile; fileRef = 8DA1A8FB2A06D2C3005729FC /* ProfileController.swift */; };
/* End PBXBuildFile section */

/* Begin PBXFileReference section */
		690BB8DC29DC4B120096EB06 /* Storage.swift */ = {isa = PBXFileReference; lastKnownFileType = sourcecode.swift; path = Storage.swift; sourceTree = "<group>"; };
		690BB8DE29DC4BB10096EB06 /* User.swift */ = {isa = PBXFileReference; lastKnownFileType = sourcecode.swift; path = User.swift; sourceTree = "<group>"; };
		690BB8E029DC5D3D0096EB06 /* LoginController.swift */ = {isa = PBXFileReference; lastKnownFileType = sourcecode.swift; path = LoginController.swift; sourceTree = "<group>"; };
		690BB8E229DC5D4B0096EB06 /* RegistrationController.swift */ = {isa = PBXFileReference; lastKnownFileType = sourcecode.swift; path = RegistrationController.swift; sourceTree = "<group>"; };
		690BB8E529DC64870096EB06 /* Allert.swift */ = {isa = PBXFileReference; lastKnownFileType = sourcecode.swift; path = Allert.swift; sourceTree = "<group>"; };
		692DF48329D5FD5700B6DA45 /* MovieGuide.app */ = {isa = PBXFileReference; explicitFileType = wrapper.application; includeInIndex = 0; path = MovieGuide.app; sourceTree = BUILT_PRODUCTS_DIR; };
		692DF48629D5FD5700B6DA45 /* AppDelegate.swift */ = {isa = PBXFileReference; lastKnownFileType = sourcecode.swift; path = AppDelegate.swift; sourceTree = "<group>"; };
		692DF48829D5FD5700B6DA45 /* SceneDelegate.swift */ = {isa = PBXFileReference; lastKnownFileType = sourcecode.swift; path = SceneDelegate.swift; sourceTree = "<group>"; };
		692DF48F29D5FD5700B6DA45 /* Assets.xcassets */ = {isa = PBXFileReference; lastKnownFileType = folder.assetcatalog; path = Assets.xcassets; sourceTree = "<group>"; };
		692DF49429D5FD5700B6DA45 /* Info.plist */ = {isa = PBXFileReference; lastKnownFileType = text.plist.xml; path = Info.plist; sourceTree = "<group>"; };
		692DF49B29D5FD8000B6DA45 /* Film.swift */ = {isa = PBXFileReference; lastKnownFileType = sourcecode.swift; path = Film.swift; sourceTree = "<group>"; };
		692DF4A129D5FFD000B6DA45 /* NetworkService.swift */ = {isa = PBXFileReference; lastKnownFileType = sourcecode.swift; path = NetworkService.swift; sourceTree = "<group>"; };
		692FD5C929E4096B00A059CF /* Mocks.swift */ = {isa = PBXFileReference; lastKnownFileType = sourcecode.swift; path = Mocks.swift; sourceTree = "<group>"; };
		694598E829DC713F009D5C97 /* HomeController.swift */ = {isa = PBXFileReference; lastKnownFileType = sourcecode.swift; path = HomeController.swift; sourceTree = "<group>"; };
		694598EA29DC8004009D5C97 /* TabBarController.swift */ = {isa = PBXFileReference; lastKnownFileType = sourcecode.swift; path = TabBarController.swift; sourceTree = "<group>"; };
		69674AAF29E1ACE3002AAF14 /* SearchController.swift */ = {isa = PBXFileReference; lastKnownFileType = sourcecode.swift; path = SearchController.swift; sourceTree = "<group>"; };
		69AC4FD229E8016C006A5B18 /* SearchResultCell.swift */ = {isa = PBXFileReference; lastKnownFileType = sourcecode.swift; path = SearchResultCell.swift; sourceTree = "<group>"; };
		69AC4FD329E8016C006A5B18 /* SearchResultCell.xib */ = {isa = PBXFileReference; lastKnownFileType = file.xib; path = SearchResultCell.xib; sourceTree = "<group>"; };
		69AC4FD629E807EF006A5B18 /* Converter.swift */ = {isa = PBXFileReference; lastKnownFileType = sourcecode.swift; path = Converter.swift; sourceTree = "<group>"; };
		69AC4FDA29E80B34006A5B18 /* SearchResultController.swift */ = {isa = PBXFileReference; lastKnownFileType = sourcecode.swift; path = SearchResultController.swift; sourceTree = "<group>"; };
		69CFD23B29E57E8500B86000 /* Loader.swift */ = {isa = PBXFileReference; lastKnownFileType = sourcecode.swift; path = Loader.swift; sourceTree = "<group>"; };
		69F751BC29DD7A6C00C387BA /* FilmsCell.swift */ = {isa = PBXFileReference; lastKnownFileType = sourcecode.swift; path = FilmsCell.swift; sourceTree = "<group>"; };
		69F751BD29DD7A6C00C387BA /* FilmsCell.xib */ = {isa = PBXFileReference; lastKnownFileType = file.xib; path = FilmsCell.xib; sourceTree = "<group>"; };
		69F751C229DDFCFC00C387BA /* Docs.swift */ = {isa = PBXFileReference; lastKnownFileType = sourcecode.swift; path = Docs.swift; sourceTree = "<group>"; };
		69F751C629DEC2B800C387BA /* FilmController.swift */ = {isa = PBXFileReference; lastKnownFileType = sourcecode.swift; path = FilmController.swift; sourceTree = "<group>"; };
		69F751CC29E094E600C387BA /* AuthController.swift */ = {isa = PBXFileReference; lastKnownFileType = sourcecode.swift; path = AuthController.swift; sourceTree = "<group>"; };
		8D176A5D2A06861B003DBBD2 /* UIScrollView + Extension.swift */ = {isa = PBXFileReference; lastKnownFileType = sourcecode.swift; path = "UIScrollView + Extension.swift"; sourceTree = "<group>"; };
		8D1C36A72A1376F30026545C /* FavoriteController.swift */ = {isa = PBXFileReference; lastKnownFileType = sourcecode.swift; path = FavoriteController.swift; sourceTree = "<group>"; };
		8D1C36A92A13775D0026545C /* AboutController.swift */ = {isa = PBXFileReference; lastKnownFileType = sourcecode.swift; path = AboutController.swift; sourceTree = "<group>"; };
		8D1C36AB2A1377A20026545C /* EditController.swift */ = {isa = PBXFileReference; lastKnownFileType = sourcecode.swift; path = EditController.swift; sourceTree = "<group>"; };
		8D8F874529FD637800E4B949 /* Constructor.swift */ = {isa = PBXFileReference; lastKnownFileType = sourcecode.swift; path = Constructor.swift; sourceTree = "<group>"; };
		8D915ED329F9428D0072A919 /* UIColor+Extension.swift */ = {isa = PBXFileReference; lastKnownFileType = sourcecode.swift; path = "UIColor+Extension.swift"; sourceTree = "<group>"; };
		8D915ED529FAB46D0072A919 /* ActorCell.swift */ = {isa = PBXFileReference; lastKnownFileType = sourcecode.swift; path = ActorCell.swift; sourceTree = "<group>"; };
		8D915ED729FBDE7F0072A919 /* UIFont+Extension.swift */ = {isa = PBXFileReference; lastKnownFileType = sourcecode.swift; path = "UIFont+Extension.swift"; sourceTree = "<group>"; };
		8DA1A8FB2A06D2C3005729FC /* ProfileController.swift */ = {isa = PBXFileReference; lastKnownFileType = sourcecode.swift; path = ProfileController.swift; sourceTree = "<group>"; };
/* End PBXFileReference section */

/* Begin PBXFrameworksBuildPhase section */
		692DF48029D5FD5700B6DA45 /* Frameworks */ = {
			isa = PBXFrameworksBuildPhase;
			buildActionMask = 2147483647;
			files = (
			);
			runOnlyForDeploymentPostprocessing = 0;
		};
/* End PBXFrameworksBuildPhase section */

/* Begin PBXGroup section */
		690BB8DB29DC4AF50096EB06 /* Storages */ = {
			isa = PBXGroup;
			children = (
				690BB8DC29DC4B120096EB06 /* Storage.swift */,
			);
			path = Storages;
			sourceTree = "<group>";
		};
		690BB8E429DC646F0096EB06 /* Tools */ = {
			isa = PBXGroup;
			children = (
				690BB8E529DC64870096EB06 /* Allert.swift */,
				692FD5C929E4096B00A059CF /* Mocks.swift */,
				69CFD23B29E57E8500B86000 /* Loader.swift */,
				69AC4FD629E807EF006A5B18 /* Converter.swift */,
				8D8F874529FD637800E4B949 /* Constructor.swift */,
			);
			path = Tools;
			sourceTree = "<group>";
		};
		692DF47A29D5FD5700B6DA45 = {
			isa = PBXGroup;
			children = (
				692DF48529D5FD5700B6DA45 /* MovieGuide */,
				692DF48429D5FD5700B6DA45 /* Products */,
			);
			sourceTree = "<group>";
		};
		692DF48429D5FD5700B6DA45 /* Products */ = {
			isa = PBXGroup;
			children = (
				692DF48329D5FD5700B6DA45 /* MovieGuide.app */,
			);
			name = Products;
			sourceTree = "<group>";
		};
		692DF48529D5FD5700B6DA45 /* MovieGuide */ = {
			isa = PBXGroup;
			children = (
				697497A329EC08EC00176BAD /* Application */,
				8D915ED229F942570072A919 /* Extension */,
				692DF4A029D5FFB300B6DA45 /* Networking */,
				690BB8DB29DC4AF50096EB06 /* Storages */,
				694598EE29DCA3DD009D5C97 /* Cells */,
				692DF49E29D5FD9000B6DA45 /* Controllers */,
				69F751C829DF420400C387BA /* Resource */,
				690BB8E429DC646F0096EB06 /* Tools */,
			);
			path = MovieGuide;
			sourceTree = "<group>";
		};
		692DF49A29D5FD6F00B6DA45 /* Models */ = {
			isa = PBXGroup;
			children = (
				692DF49B29D5FD8000B6DA45 /* Film.swift */,
				690BB8DE29DC4BB10096EB06 /* User.swift */,
				69F751C229DDFCFC00C387BA /* Docs.swift */,
			);
			path = Models;
			sourceTree = "<group>";
		};
		692DF49E29D5FD9000B6DA45 /* Controllers */ = {
			isa = PBXGroup;
			children = (
				69444E5B29E5723C00E66ACD /* Auth */,
				69444E5C29E5724A00E66ACD /* TabBar */,
			);
			path = Controllers;
			sourceTree = "<group>";
		};
		692DF4A029D5FFB300B6DA45 /* Networking */ = {
			isa = PBXGroup;
			children = (
				692DF4A129D5FFD000B6DA45 /* NetworkService.swift */,
				692DF49A29D5FD6F00B6DA45 /* Models */,
			);
			path = Networking;
			sourceTree = "<group>";
		};
		69444E5B29E5723C00E66ACD /* Auth */ = {
			isa = PBXGroup;
			children = (
				69F751CC29E094E600C387BA /* AuthController.swift */,
				690BB8E229DC5D4B0096EB06 /* RegistrationController.swift */,
				690BB8E029DC5D3D0096EB06 /* LoginController.swift */,
			);
			path = Auth;
			sourceTree = "<group>";
		};
		69444E5C29E5724A00E66ACD /* TabBar */ = {
			isa = PBXGroup;
			children = (
				694598EA29DC8004009D5C97 /* TabBarController.swift */,
				8DF1B9462A0BBCB30024C5C3 /* Home */,
				8DF1B9472A0BBCC80024C5C3 /* Film */,
				8DF1B9482A0BBCD30024C5C3 /* Search */,
				8DF1B9492A0BBCE20024C5C3 /* Profile */,
			);
			path = TabBar;
			sourceTree = "<group>";
		};
		694598EE29DCA3DD009D5C97 /* Cells */ = {
			isa = PBXGroup;
			children = (
				69AC4FD129E8012C006A5B18 /* SearchResultCell */,
				6985E26629F004D1001DA6B3 /* ActorCell */,
				69F751BB29DD790C00C387BA /* FilmsListCell */,
			);
			path = Cells;
			sourceTree = "<group>";
		};
		697497A329EC08EC00176BAD /* Application */ = {
			isa = PBXGroup;
			children = (
				692DF48829D5FD5700B6DA45 /* SceneDelegate.swift */,
				692DF48629D5FD5700B6DA45 /* AppDelegate.swift */,
			);
			path = Application;
			sourceTree = "<group>";
		};
		6985E26629F004D1001DA6B3 /* ActorCell */ = {
			isa = PBXGroup;
			children = (
				8D915ED529FAB46D0072A919 /* ActorCell.swift */,
			);
			path = ActorCell;
			sourceTree = "<group>";
		};
		69AC4FD129E8012C006A5B18 /* SearchResultCell */ = {
			isa = PBXGroup;
			children = (
				69AC4FD229E8016C006A5B18 /* SearchResultCell.swift */,
				69AC4FD329E8016C006A5B18 /* SearchResultCell.xib */,
			);
			path = SearchResultCell;
			sourceTree = "<group>";
		};
		69F751BB29DD790C00C387BA /* FilmsListCell */ = {
			isa = PBXGroup;
			children = (
				69F751BC29DD7A6C00C387BA /* FilmsCell.swift */,
				69F751BD29DD7A6C00C387BA /* FilmsCell.xib */,
			);
			path = FilmsListCell;
			sourceTree = "<group>";
		};
		69F751C829DF420400C387BA /* Resource */ = {
			isa = PBXGroup;
			children = (
				692DF48F29D5FD5700B6DA45 /* Assets.xcassets */,
				692DF49429D5FD5700B6DA45 /* Info.plist */,
			);
			path = Resource;
			sourceTree = "<group>";
		};
		8D915ED229F942570072A919 /* Extension */ = {
			isa = PBXGroup;
			children = (
				8D915ED329F9428D0072A919 /* UIColor+Extension.swift */,
				8D915ED729FBDE7F0072A919 /* UIFont+Extension.swift */,
				8D176A5D2A06861B003DBBD2 /* UIScrollView + Extension.swift */,
			);
			path = Extension;
			sourceTree = "<group>";
		};
		8DF1B9462A0BBCB30024C5C3 /* Home */ = {
			isa = PBXGroup;
			children = (
				694598E829DC713F009D5C97 /* HomeController.swift */,
			);
			path = Home;
			sourceTree = "<group>";
		};
		8DF1B9472A0BBCC80024C5C3 /* Film */ = {
			isa = PBXGroup;
			children = (
				69F751C629DEC2B800C387BA /* FilmController.swift */,
			);
			path = Film;
			sourceTree = "<group>";
		};
		8DF1B9482A0BBCD30024C5C3 /* Search */ = {
			isa = PBXGroup;
			children = (
				69AC4FDA29E80B34006A5B18 /* SearchResultController.swift */,
				69674AAF29E1ACE3002AAF14 /* SearchController.swift */,
			);
			path = Search;
			sourceTree = "<group>";
		};
		8DF1B9492A0BBCE20024C5C3 /* Profile */ = {
			isa = PBXGroup;
			children = (
				8DA1A8FB2A06D2C3005729FC /* ProfileController.swift */,
				8D1C36A72A1376F30026545C /* FavoriteController.swift */,
				8D1C36A92A13775D0026545C /* AboutController.swift */,
				8D1C36AB2A1377A20026545C /* EditController.swift */,
			);
			path = Profile;
			sourceTree = "<group>";
		};
/* End PBXGroup section */

/* Begin PBXNativeTarget section */
		692DF48229D5FD5700B6DA45 /* MovieGuide */ = {
			isa = PBXNativeTarget;
			buildConfigurationList = 692DF49729D5FD5700B6DA45 /* Build configuration list for PBXNativeTarget "MovieGuide" */;
			buildPhases = (
				692DF47F29D5FD5700B6DA45 /* Sources */,
				692DF48029D5FD5700B6DA45 /* Frameworks */,
				692DF48129D5FD5700B6DA45 /* Resources */,
			);
			buildRules = (
			);
			dependencies = (
			);
			name = MovieGuide;
			productName = AboutFilm;
			productReference = 692DF48329D5FD5700B6DA45 /* MovieGuide.app */;
			productType = "com.apple.product-type.application";
		};
/* End PBXNativeTarget section */

/* Begin PBXProject section */
		692DF47B29D5FD5700B6DA45 /* Project object */ = {
			isa = PBXProject;
			attributes = {
				BuildIndependentTargetsInParallel = 1;
				LastSwiftUpdateCheck = 1420;
				LastUpgradeCheck = 1420;
				TargetAttributes = {
					692DF48229D5FD5700B6DA45 = {
						CreatedOnToolsVersion = 14.2;
					};
				};
			};
			buildConfigurationList = 692DF47E29D5FD5700B6DA45 /* Build configuration list for PBXProject "MovieGuide" */;
			compatibilityVersion = "Xcode 14.0";
			developmentRegion = en;
			hasScannedForEncodings = 0;
			knownRegions = (
				en,
				Base,
			);
			mainGroup = 692DF47A29D5FD5700B6DA45;
			productRefGroup = 692DF48429D5FD5700B6DA45 /* Products */;
			projectDirPath = "";
			projectRoot = "";
			targets = (
				692DF48229D5FD5700B6DA45 /* MovieGuide */,
			);
		};
/* End PBXProject section */

/* Begin PBXResourcesBuildPhase section */
		692DF48129D5FD5700B6DA45 /* Resources */ = {
			isa = PBXResourcesBuildPhase;
			buildActionMask = 2147483647;
			files = (
				69AC4FD529E8016C006A5B18 /* SearchResultCell.xib in Resources */,
				69F751BF29DD7A6C00C387BA /* FilmsCell.xib in Resources */,
				692DF49029D5FD5700B6DA45 /* Assets.xcassets in Resources */,
			);
			runOnlyForDeploymentPostprocessing = 0;
		};
/* End PBXResourcesBuildPhase section */

/* Begin PBXSourcesBuildPhase section */
		692DF47F29D5FD5700B6DA45 /* Sources */ = {
			isa = PBXSourcesBuildPhase;
			buildActionMask = 2147483647;
			files = (
				690BB8E329DC5D4B0096EB06 /* RegistrationController.swift in Sources */,
				69F751BE29DD7A6C00C387BA /* FilmsCell.swift in Sources */,
				69F751C729DEC2B800C387BA /* FilmController.swift in Sources */,
				692DF49C29D5FD8000B6DA45 /* Film.swift in Sources */,
				692FD5CA29E4096B00A059CF /* Mocks.swift in Sources */,
				8D8F874629FD637800E4B949 /* Constructor.swift in Sources */,
				694598EB29DC8004009D5C97 /* TabBarController.swift in Sources */,
				69CFD23C29E57E8500B86000 /* Loader.swift in Sources */,
				694598E929DC713F009D5C97 /* HomeController.swift in Sources */,
				692DF4A229D5FFD000B6DA45 /* NetworkService.swift in Sources */,
				69AC4FDB29E80B34006A5B18 /* SearchResultController.swift in Sources */,
				8D176A5E2A06861B003DBBD2 /* UIScrollView + Extension.swift in Sources */,
				8D915ED629FAB46D0072A919 /* ActorCell.swift in Sources */,
				69AC4FD729E807EF006A5B18 /* Converter.swift in Sources */,
				69F751CD29E094E600C387BA /* AuthController.swift in Sources */,
				69674AB029E1ACE3002AAF14 /* SearchController.swift in Sources */,
				692DF48729D5FD5700B6DA45 /* AppDelegate.swift in Sources */,
				692DF48929D5FD5700B6DA45 /* SceneDelegate.swift in Sources */,
				8DA1A8FC2A06D2C3005729FC /* ProfileController.swift in Sources */,
				69AC4FD429E8016C006A5B18 /* SearchResultCell.swift in Sources */,
				8D915ED829FBDE7F0072A919 /* UIFont+Extension.swift in Sources */,
				8D915ED429F9428D0072A919 /* UIColor+Extension.swift in Sources */,
				690BB8E129DC5D3D0096EB06 /* LoginController.swift in Sources */,
				8D1C36AC2A1377A20026545C /* EditController.swift in Sources */,
				8D1C36A82A1376F30026545C /* FavoriteController.swift in Sources */,
				690BB8DD29DC4B120096EB06 /* Storage.swift in Sources */,
				8D1C36AA2A13775D0026545C /* AboutController.swift in Sources */,
				69F751C329DDFCFC00C387BA /* Docs.swift in Sources */,
				690BB8DF29DC4BB10096EB06 /* User.swift in Sources */,
				690BB8E629DC64870096EB06 /* Allert.swift in Sources */,
			);
			runOnlyForDeploymentPostprocessing = 0;
		};
/* End PBXSourcesBuildPhase section */

/* Begin XCBuildConfiguration section */
		692DF49529D5FD5700B6DA45 /* Debug */ = {
			isa = XCBuildConfiguration;
			buildSettings = {
				ALWAYS_SEARCH_USER_PATHS = NO;
				CLANG_ANALYZER_NONNULL = YES;
				CLANG_ANALYZER_NUMBER_OBJECT_CONVERSION = YES_AGGRESSIVE;
				CLANG_CXX_LANGUAGE_STANDARD = "gnu++20";
				CLANG_ENABLE_MODULES = YES;
				CLANG_ENABLE_OBJC_ARC = YES;
				CLANG_ENABLE_OBJC_WEAK = YES;
				CLANG_WARN_BLOCK_CAPTURE_AUTORELEASING = YES;
				CLANG_WARN_BOOL_CONVERSION = YES;
				CLANG_WARN_COMMA = YES;
				CLANG_WARN_CONSTANT_CONVERSION = YES;
				CLANG_WARN_DEPRECATED_OBJC_IMPLEMENTATIONS = YES;
				CLANG_WARN_DIRECT_OBJC_ISA_USAGE = YES_ERROR;
				CLANG_WARN_DOCUMENTATION_COMMENTS = YES;
				CLANG_WARN_EMPTY_BODY = YES;
				CLANG_WARN_ENUM_CONVERSION = YES;
				CLANG_WARN_INFINITE_RECURSION = YES;
				CLANG_WARN_INT_CONVERSION = YES;
				CLANG_WARN_NON_LITERAL_NULL_CONVERSION = YES;
				CLANG_WARN_OBJC_IMPLICIT_RETAIN_SELF = YES;
				CLANG_WARN_OBJC_LITERAL_CONVERSION = YES;
				CLANG_WARN_OBJC_ROOT_CLASS = YES_ERROR;
				CLANG_WARN_QUOTED_INCLUDE_IN_FRAMEWORK_HEADER = YES;
				CLANG_WARN_RANGE_LOOP_ANALYSIS = YES;
				CLANG_WARN_STRICT_PROTOTYPES = YES;
				CLANG_WARN_SUSPICIOUS_MOVE = YES;
				CLANG_WARN_UNGUARDED_AVAILABILITY = YES_AGGRESSIVE;
				CLANG_WARN_UNREACHABLE_CODE = YES;
				CLANG_WARN__DUPLICATE_METHOD_MATCH = YES;
				COPY_PHASE_STRIP = NO;
				DEBUG_INFORMATION_FORMAT = dwarf;
				ENABLE_STRICT_OBJC_MSGSEND = YES;
				ENABLE_TESTABILITY = YES;
				GCC_C_LANGUAGE_STANDARD = gnu11;
				GCC_DYNAMIC_NO_PIC = NO;
				GCC_NO_COMMON_BLOCKS = YES;
				GCC_OPTIMIZATION_LEVEL = 0;
				GCC_PREPROCESSOR_DEFINITIONS = (
					"DEBUG=1",
					"$(inherited)",
				);
				GCC_WARN_64_TO_32_BIT_CONVERSION = YES;
				GCC_WARN_ABOUT_RETURN_TYPE = YES_ERROR;
				GCC_WARN_UNDECLARED_SELECTOR = YES;
				GCC_WARN_UNINITIALIZED_AUTOS = YES_AGGRESSIVE;
				GCC_WARN_UNUSED_FUNCTION = YES;
				GCC_WARN_UNUSED_VARIABLE = YES;
				IPHONEOS_DEPLOYMENT_TARGET = 16.2;
				MTL_ENABLE_DEBUG_INFO = INCLUDE_SOURCE;
				MTL_FAST_MATH = YES;
				ONLY_ACTIVE_ARCH = YES;
				SDKROOT = iphoneos;
				SWIFT_ACTIVE_COMPILATION_CONDITIONS = DEBUG;
				SWIFT_OPTIMIZATION_LEVEL = "-Onone";
			};
			name = Debug;
		};
		692DF49629D5FD5700B6DA45 /* Release */ = {
			isa = XCBuildConfiguration;
			buildSettings = {
				ALWAYS_SEARCH_USER_PATHS = NO;
				CLANG_ANALYZER_NONNULL = YES;
				CLANG_ANALYZER_NUMBER_OBJECT_CONVERSION = YES_AGGRESSIVE;
				CLANG_CXX_LANGUAGE_STANDARD = "gnu++20";
				CLANG_ENABLE_MODULES = YES;
				CLANG_ENABLE_OBJC_ARC = YES;
				CLANG_ENABLE_OBJC_WEAK = YES;
				CLANG_WARN_BLOCK_CAPTURE_AUTORELEASING = YES;
				CLANG_WARN_BOOL_CONVERSION = YES;
				CLANG_WARN_COMMA = YES;
				CLANG_WARN_CONSTANT_CONVERSION = YES;
				CLANG_WARN_DEPRECATED_OBJC_IMPLEMENTATIONS = YES;
				CLANG_WARN_DIRECT_OBJC_ISA_USAGE = YES_ERROR;
				CLANG_WARN_DOCUMENTATION_COMMENTS = YES;
				CLANG_WARN_EMPTY_BODY = YES;
				CLANG_WARN_ENUM_CONVERSION = YES;
				CLANG_WARN_INFINITE_RECURSION = YES;
				CLANG_WARN_INT_CONVERSION = YES;
				CLANG_WARN_NON_LITERAL_NULL_CONVERSION = YES;
				CLANG_WARN_OBJC_IMPLICIT_RETAIN_SELF = YES;
				CLANG_WARN_OBJC_LITERAL_CONVERSION = YES;
				CLANG_WARN_OBJC_ROOT_CLASS = YES_ERROR;
				CLANG_WARN_QUOTED_INCLUDE_IN_FRAMEWORK_HEADER = YES;
				CLANG_WARN_RANGE_LOOP_ANALYSIS = YES;
				CLANG_WARN_STRICT_PROTOTYPES = YES;
				CLANG_WARN_SUSPICIOUS_MOVE = YES;
				CLANG_WARN_UNGUARDED_AVAILABILITY = YES_AGGRESSIVE;
				CLANG_WARN_UNREACHABLE_CODE = YES;
				CLANG_WARN__DUPLICATE_METHOD_MATCH = YES;
				COPY_PHASE_STRIP = NO;
				DEBUG_INFORMATION_FORMAT = "dwarf-with-dsym";
				ENABLE_NS_ASSERTIONS = NO;
				ENABLE_STRICT_OBJC_MSGSEND = YES;
				GCC_C_LANGUAGE_STANDARD = gnu11;
				GCC_NO_COMMON_BLOCKS = YES;
				GCC_WARN_64_TO_32_BIT_CONVERSION = YES;
				GCC_WARN_ABOUT_RETURN_TYPE = YES_ERROR;
				GCC_WARN_UNDECLARED_SELECTOR = YES;
				GCC_WARN_UNINITIALIZED_AUTOS = YES_AGGRESSIVE;
				GCC_WARN_UNUSED_FUNCTION = YES;
				GCC_WARN_UNUSED_VARIABLE = YES;
				IPHONEOS_DEPLOYMENT_TARGET = 16.2;
				MTL_ENABLE_DEBUG_INFO = NO;
				MTL_FAST_MATH = YES;
				SDKROOT = iphoneos;
				SWIFT_COMPILATION_MODE = wholemodule;
				SWIFT_OPTIMIZATION_LEVEL = "-O";
				VALIDATE_PRODUCT = YES;
			};
			name = Release;
		};
		692DF49829D5FD5700B6DA45 /* Debug */ = {
			isa = XCBuildConfiguration;
			buildSettings = {
				ASSETCATALOG_COMPILER_APPICON_NAME = AppIcon;
				ASSETCATALOG_COMPILER_GLOBAL_ACCENT_COLOR_NAME = AccentColor;
				CODE_SIGN_STYLE = Automatic;
				CURRENT_PROJECT_VERSION = 1;
				DEVELOPMENT_TEAM = 9N9JA5WXC4;
				GENERATE_INFOPLIST_FILE = YES;
				INFOPLIST_FILE = MovieGuide/Resource/Info.plist;
				INFOPLIST_KEY_CFBundleDisplayName = MovieGuide;
				INFOPLIST_KEY_UIApplicationSupportsIndirectInputEvents = YES;
				INFOPLIST_KEY_UILaunchStoryboardName = LaunchScreen;
				INFOPLIST_KEY_UIStatusBarStyle = "";
				INFOPLIST_KEY_UISupportedInterfaceOrientations = UIInterfaceOrientationPortrait;
				IPHONEOS_DEPLOYMENT_TARGET = 16.0;
				LD_RUNPATH_SEARCH_PATHS = (
					"$(inherited)",
					"@executable_path/Frameworks",
				);
				MARKETING_VERSION = 1.0;
				PRODUCT_BUNDLE_IDENTIFIER = by.benikov.AboutFilm;
				PRODUCT_NAME = "$(TARGET_NAME)";
				SUPPORTED_PLATFORMS = "iphoneos iphonesimulator";
				SUPPORTS_MACCATALYST = NO;
				SUPPORTS_MAC_DESIGNED_FOR_IPHONE_IPAD = NO;
				SWIFT_EMIT_LOC_STRINGS = YES;
				SWIFT_VERSION = 5.0;
				TARGETED_DEVICE_FAMILY = "1,2";
			};
			name = Debug;
		};
		692DF49929D5FD5700B6DA45 /* Release */ = {
			isa = XCBuildConfiguration;
			buildSettings = {
				ASSETCATALOG_COMPILER_APPICON_NAME = AppIcon;
				ASSETCATALOG_COMPILER_GLOBAL_ACCENT_COLOR_NAME = AccentColor;
				CODE_SIGN_STYLE = Automatic;
				CURRENT_PROJECT_VERSION = 1;
				DEVELOPMENT_TEAM = 9N9JA5WXC4;
				GENERATE_INFOPLIST_FILE = YES;
				INFOPLIST_FILE = MovieGuide/Resource/Info.plist;
				INFOPLIST_KEY_CFBundleDisplayName = MovieGuide;
				INFOPLIST_KEY_UIApplicationSupportsIndirectInputEvents = YES;
				INFOPLIST_KEY_UILaunchStoryboardName = LaunchScreen;
				INFOPLIST_KEY_UIStatusBarStyle = "";
				INFOPLIST_KEY_UISupportedInterfaceOrientations = UIInterfaceOrientationPortrait;
				IPHONEOS_DEPLOYMENT_TARGET = 16.0;
				LD_RUNPATH_SEARCH_PATHS = (
					"$(inherited)",
					"@executable_path/Frameworks",
				);
				MARKETING_VERSION = 1.0;
				PRODUCT_BUNDLE_IDENTIFIER = by.benikov.AboutFilm;
				PRODUCT_NAME = "$(TARGET_NAME)";
				SUPPORTED_PLATFORMS = "iphoneos iphonesimulator";
				SUPPORTS_MACCATALYST = NO;
				SUPPORTS_MAC_DESIGNED_FOR_IPHONE_IPAD = NO;
				SWIFT_EMIT_LOC_STRINGS = YES;
				SWIFT_VERSION = 5.0;
				TARGETED_DEVICE_FAMILY = "1,2";
			};
			name = Release;
		};
/* End XCBuildConfiguration section */

/* Begin XCConfigurationList section */
		692DF47E29D5FD5700B6DA45 /* Build configuration list for PBXProject "MovieGuide" */ = {
			isa = XCConfigurationList;
			buildConfigurations = (
				692DF49529D5FD5700B6DA45 /* Debug */,
				692DF49629D5FD5700B6DA45 /* Release */,
			);
			defaultConfigurationIsVisible = 0;
			defaultConfigurationName = Release;
		};
		692DF49729D5FD5700B6DA45 /* Build configuration list for PBXNativeTarget "MovieGuide" */ = {
			isa = XCConfigurationList;
			buildConfigurations = (
				692DF49829D5FD5700B6DA45 /* Debug */,
				692DF49929D5FD5700B6DA45 /* Release */,
			);
			defaultConfigurationIsVisible = 0;
			defaultConfigurationName = Release;
		};
/* End XCConfigurationList section */
	};
	rootObject = 692DF47B29D5FD5700B6DA45 /* Project object */;
}
